
Microsoft Visual Studio Solution File, Format Version 12.00
# Visual Studio Version 17
VisualStudioVersion = 17.14.36414.22
MinimumVisualStudioVersion = 10.0.40219.1
Project("{FAE04EC0-301F-11D3-BF4B-00C04F79EFBC}") = "GeometricFigures", "GeometricFigures\GeometricFigures.csproj", "{8B722B4F-FCD7-4786-851F-09AF91FD965B}"
EndProject
Project("{FAE04EC0-301F-11D3-BF4B-00C04F79EFBC}") = "solucion taller 2", "solucion taller 2\solucion taller 2.csproj", "{B13E075E-5E01-44A5-BA48-0BD298AEA0D4}"
EndProject
Global
	GlobalSection(SolutionConfigurationPlatforms) = preSolution
		Debug|Any CPU = Debug|Any CPU
		Release|Any CPU = Release|Any CPU
	EndGlobalSection
	GlobalSection(ProjectConfigurationPlatforms) = postSolution
		{8B722B4F-FCD7-4786-851F-09AF91FD965B}.Debug|Any CPU.ActiveCfg = Debug|Any CPU
		{8B722B4F-FCD7-4786-851F-09AF91FD965B}.Debug|Any CPU.Build.0 = Debug|Any CPU
		{8B722B4F-FCD7-4786-851F-09AF91FD965B}.Release|Any CPU.ActiveCfg = Release|Any CPU
		{8B722B4F-FCD7-4786-851F-09AF91FD965B}.Release|Any CPU.Build.0 = Release|Any CPU
		{B13E075E-5E01-44A5-BA48-0BD298AEA0D4}.Debug|Any CPU.ActiveCfg = Debug|Any CPU
		{B13E075E-5E01-44A5-BA48-0BD298AEA0D4}.Debug|Any CPU.Build.0 = Debug|Any CPU
		{B13E075E-5E01-44A5-BA48-0BD298AEA0D4}.Release|Any CPU.ActiveCfg = Release|Any CPU
		{B13E075E-5E01-44A5-BA48-0BD298AEA0D4}.Release|Any CPU.Build.0 = Release|Any CPU
	EndGlobalSection
	GlobalSection(SolutionProperties) = preSolution
		HideSolutionNode = FALSE
	EndGlobalSection
	GlobalSection(ExtensibilityGlobals) = postSolution
		SolutionGuid = {DC0898D4-555C-439B-8C32-31CA9E6ED06F}
	EndGlobalSection
EndGlobal
